// !$*UTF8*$!
{
	archiveVersion = 1;
	classes = {
	};
	objectVersion = 55;
	objects = {

/* Begin PBXBuildFile section */
		39007DA8270605830064D0AB /* AppDelegate.swift in Sources */ = {isa = PBXBuildFile; fileRef = 39007DA7270605830064D0AB /* AppDelegate.swift */; };
		39007DAA270605830064D0AB /* SceneDelegate.swift in Sources */ = {isa = PBXBuildFile; fileRef = 39007DA9270605830064D0AB /* SceneDelegate.swift */; };
		39007DAC270605830064D0AB /* ViewController.swift in Sources */ = {isa = PBXBuildFile; fileRef = 39007DAB270605830064D0AB /* ViewController.swift */; };
		39007DB1270605840064D0AB /* Assets.xcassets in Resources */ = {isa = PBXBuildFile; fileRef = 39007DB0270605840064D0AB /* Assets.xcassets */; };
		39007DB4270605840064D0AB /* LaunchScreen.storyboard in Resources */ = {isa = PBXBuildFile; fileRef = 39007DB2270605840064D0AB /* LaunchScreen.storyboard */; };
		39007DBF270605840064D0AB /* FreeAudioTests.swift in Sources */ = {isa = PBXBuildFile; fileRef = 39007DBE270605840064D0AB /* FreeAudioTests.swift */; };
		39007DC9270605840064D0AB /* FreeAudioUITests.swift in Sources */ = {isa = PBXBuildFile; fileRef = 39007DC8270605840064D0AB /* FreeAudioUITests.swift */; };
		39007DCB270605840064D0AB /* FreeAudioUITestsLaunchTests.swift in Sources */ = {isa = PBXBuildFile; fileRef = 39007DCA270605840064D0AB /* FreeAudioUITestsLaunchTests.swift */; };
		3912314C2707042100680DD2 /* ReadWriteDeleteFiles.swift in Sources */ = {isa = PBXBuildFile; fileRef = 3912314B2707042100680DD2 /* ReadWriteDeleteFiles.swift */; };
		396163062709AF6600845785 /* testStoryBoard.storyboard in Resources */ = {isa = PBXBuildFile; fileRef = 396163052709AF6600845785 /* testStoryBoard.storyboard */; };
		396163082709AF8200845785 /* testAudioMixViewController.swift in Sources */ = {isa = PBXBuildFile; fileRef = 396163072709AF8200845785 /* testAudioMixViewController.swift */; };
		3989F8FE27072B50008EEEFB /* ReadMyIphoneDirectorysInfos.swift in Sources */ = {isa = PBXBuildFile; fileRef = 3989F8FD27072B50008EEEFB /* ReadMyIphoneDirectorysInfos.swift */; };
		39A41432270C581200AFD345 /* TrimMergeAudioFile.swift in Sources */ = {isa = PBXBuildFile; fileRef = 39A41431270C581200AFD345 /* TrimMergeAudioFile.swift */; };
/* End PBXBuildFile section */

/* Begin PBXContainerItemProxy section */
		39007DBB270605840064D0AB /* PBXContainerItemProxy */ = {
			isa = PBXContainerItemProxy;
			containerPortal = 39007D9C270605830064D0AB /* Project object */;
			proxyType = 1;
			remoteGlobalIDString = 39007DA3270605830064D0AB;
			remoteInfo = FreeAudio;
		};
		39007DC5270605840064D0AB /* PBXContainerItemProxy */ = {
			isa = PBXContainerItemProxy;
			containerPortal = 39007D9C270605830064D0AB /* Project object */;
			proxyType = 1;
			remoteGlobalIDString = 39007DA3270605830064D0AB;
			remoteInfo = FreeAudio;
		};
/* End PBXContainerItemProxy section */

/* Begin PBXFileReference section */
		39007DA4270605830064D0AB /* FreeAudio.app */ = {isa = PBXFileReference; explicitFileType = wrapper.application; includeInIndex = 0; path = FreeAudio.app; sourceTree = BUILT_PRODUCTS_DIR; };
		39007DA7270605830064D0AB /* AppDelegate.swift */ = {isa = PBXFileReference; lastKnownFileType = sourcecode.swift; path = AppDelegate.swift; sourceTree = "<group>"; };
		39007DA9270605830064D0AB /* SceneDelegate.swift */ = {isa = PBXFileReference; lastKnownFileType = sourcecode.swift; path = SceneDelegate.swift; sourceTree = "<group>"; };
		39007DAB270605830064D0AB /* ViewController.swift */ = {isa = PBXFileReference; lastKnownFileType = sourcecode.swift; path = ViewController.swift; sourceTree = "<group>"; };
		39007DB0270605840064D0AB /* Assets.xcassets */ = {isa = PBXFileReference; lastKnownFileType = folder.assetcatalog; path = Assets.xcassets; sourceTree = "<group>"; };
		39007DB3270605840064D0AB /* Base */ = {isa = PBXFileReference; lastKnownFileType = file.storyboard; name = Base; path = Base.lproj/LaunchScreen.storyboard; sourceTree = "<group>"; };
		39007DB5270605840064D0AB /* Info.plist */ = {isa = PBXFileReference; lastKnownFileType = text.plist.xml; path = Info.plist; sourceTree = "<group>"; };
		39007DBA270605840064D0AB /* FreeAudioTests.xctest */ = {isa = PBXFileReference; explicitFileType = wrapper.cfbundle; includeInIndex = 0; path = FreeAudioTests.xctest; sourceTree = BUILT_PRODUCTS_DIR; };
		39007DBE270605840064D0AB /* FreeAudioTests.swift */ = {isa = PBXFileReference; lastKnownFileType = sourcecode.swift; path = FreeAudioTests.swift; sourceTree = "<group>"; };
		39007DC4270605840064D0AB /* FreeAudioUITests.xctest */ = {isa = PBXFileReference; explicitFileType = wrapper.cfbundle; includeInIndex = 0; path = FreeAudioUITests.xctest; sourceTree = BUILT_PRODUCTS_DIR; };
		39007DC8270605840064D0AB /* FreeAudioUITests.swift */ = {isa = PBXFileReference; lastKnownFileType = sourcecode.swift; path = FreeAudioUITests.swift; sourceTree = "<group>"; };
		39007DCA270605840064D0AB /* FreeAudioUITestsLaunchTests.swift */ = {isa = PBXFileReference; lastKnownFileType = sourcecode.swift; path = FreeAudioUITestsLaunchTests.swift; sourceTree = "<group>"; };
		3912314B2707042100680DD2 /* ReadWriteDeleteFiles.swift */ = {isa = PBXFileReference; lastKnownFileType = sourcecode.swift; path = ReadWriteDeleteFiles.swift; sourceTree = "<group>"; };
		396163052709AF6600845785 /* testStoryBoard.storyboard */ = {isa = PBXFileReference; lastKnownFileType = file.storyboard; path = testStoryBoard.storyboard; sourceTree = "<group>"; };
		396163072709AF8200845785 /* testAudioMixViewController.swift */ = {isa = PBXFileReference; lastKnownFileType = sourcecode.swift; path = testAudioMixViewController.swift; sourceTree = "<group>"; };
		3989F8FD27072B50008EEEFB /* ReadMyIphoneDirectorysInfos.swift */ = {isa = PBXFileReference; lastKnownFileType = sourcecode.swift; path = ReadMyIphoneDirectorysInfos.swift; sourceTree = "<group>"; };
		39A41431270C581200AFD345 /* TrimMergeAudioFile.swift */ = {isa = PBXFileReference; lastKnownFileType = sourcecode.swift; path = TrimMergeAudioFile.swift; sourceTree = "<group>"; };
/* End PBXFileReference section */

/* Begin PBXFrameworksBuildPhase section */
		39007DA1270605830064D0AB /* Frameworks */ = {
			isa = PBXFrameworksBuildPhase;
			buildActionMask = 2147483647;
			files = (
			);
			runOnlyForDeploymentPostprocessing = 0;
		};
		39007DB7270605840064D0AB /* Frameworks */ = {
			isa = PBXFrameworksBuildPhase;
			buildActionMask = 2147483647;
			files = (
			);
			runOnlyForDeploymentPostprocessing = 0;
		};
		39007DC1270605840064D0AB /* Frameworks */ = {
			isa = PBXFrameworksBuildPhase;
			buildActionMask = 2147483647;
			files = (
			);
			runOnlyForDeploymentPostprocessing = 0;
		};
/* End PBXFrameworksBuildPhase section */

/* Begin PBXGroup section */
		39007D9B270605830064D0AB = {
			isa = PBXGroup;
			children = (
				39007DA6270605830064D0AB /* FreeAudio */,
				39007DBD270605840064D0AB /* FreeAudioTests */,
				39007DC7270605840064D0AB /* FreeAudioUITests */,
				39007DA5270605830064D0AB /* Products */,
			);
			sourceTree = "<group>";
		};
		39007DA5270605830064D0AB /* Products */ = {
			isa = PBXGroup;
			children = (
				39007DA4270605830064D0AB /* FreeAudio.app */,
				39007DBA270605840064D0AB /* FreeAudioTests.xctest */,
				39007DC4270605840064D0AB /* FreeAudioUITests.xctest */,
			);
			name = Products;
			sourceTree = "<group>";
		};
		39007DA6270605830064D0AB /* FreeAudio */ = {
			isa = PBXGroup;
			children = (
				3912314A270703D800680DD2 /* Features */,
				39007DD92706070E0064D0AB /* Models */,
				39007DD8270605BF0064D0AB /* ViewControllers */,
				39007DD7270605A90064D0AB /* StoryBoards */,
				39007DA7270605830064D0AB /* AppDelegate.swift */,
				39007DA9270605830064D0AB /* SceneDelegate.swift */,
				39007DAB270605830064D0AB /* ViewController.swift */,
				39007DB0270605840064D0AB /* Assets.xcassets */,
				39007DB2270605840064D0AB /* LaunchScreen.storyboard */,
				39007DB5270605840064D0AB /* Info.plist */,
			);
			path = FreeAudio;
			sourceTree = "<group>";
		};
		39007DBD270605840064D0AB /* FreeAudioTests */ = {
			isa = PBXGroup;
			children = (
				39007DBE270605840064D0AB /* FreeAudioTests.swift */,
			);
			path = FreeAudioTests;
			sourceTree = "<group>";
		};
		39007DC7270605840064D0AB /* FreeAudioUITests */ = {
			isa = PBXGroup;
			children = (
				39007DC8270605840064D0AB /* FreeAudioUITests.swift */,
				39007DCA270605840064D0AB /* FreeAudioUITestsLaunchTests.swift */,
			);
			path = FreeAudioUITests;
			sourceTree = "<group>";
		};
		39007DD7270605A90064D0AB /* StoryBoards */ = {
			isa = PBXGroup;
			children = (
				396163052709AF6600845785 /* testStoryBoard.storyboard */,
			);
			path = StoryBoards;
			sourceTree = "<group>";
		};
		39007DD8270605BF0064D0AB /* ViewControllers */ = {
			isa = PBXGroup;
			children = (
				396163072709AF8200845785 /* testAudioMixViewController.swift */,
			);
			path = ViewControllers;
			sourceTree = "<group>";
		};
		39007DD92706070E0064D0AB /* Models */ = {
			isa = PBXGroup;
			children = (
			);
			path = Models;
			sourceTree = "<group>";
		};
		3912314A270703D800680DD2 /* Features */ = {
			isa = PBXGroup;
			children = (
				3912314B2707042100680DD2 /* ReadWriteDeleteFiles.swift */,
				3989F8FD27072B50008EEEFB /* ReadMyIphoneDirectorysInfos.swift */,
				39A41431270C581200AFD345 /* TrimMergeAudioFile.swift */,
			);
			path = Features;
			sourceTree = "<group>";
		};
/* End PBXGroup section */

/* Begin PBXNativeTarget section */
		39007DA3270605830064D0AB /* FreeAudio */ = {
			isa = PBXNativeTarget;
			buildConfigurationList = 39007DCE270605840064D0AB /* Build configuration list for PBXNativeTarget "FreeAudio" */;
			buildPhases = (
				39007DA0270605830064D0AB /* Sources */,
				39007DA1270605830064D0AB /* Frameworks */,
				39007DA2270605830064D0AB /* Resources */,
			);
			buildRules = (
			);
			dependencies = (
			);
			name = FreeAudio;
			productName = FreeAudio;
			productReference = 39007DA4270605830064D0AB /* FreeAudio.app */;
			productType = "com.apple.product-type.application";
		};
		39007DB9270605840064D0AB /* FreeAudioTests */ = {
			isa = PBXNativeTarget;
			buildConfigurationList = 39007DD1270605840064D0AB /* Build configuration list for PBXNativeTarget "FreeAudioTests" */;
			buildPhases = (
				39007DB6270605840064D0AB /* Sources */,
				39007DB7270605840064D0AB /* Frameworks */,
				39007DB8270605840064D0AB /* Resources */,
			);
			buildRules = (
			);
			dependencies = (
				39007DBC270605840064D0AB /* PBXTargetDependency */,
			);
			name = FreeAudioTests;
			productName = FreeAudioTests;
			productReference = 39007DBA270605840064D0AB /* FreeAudioTests.xctest */;
			productType = "com.apple.product-type.bundle.unit-test";
		};
		39007DC3270605840064D0AB /* FreeAudioUITests */ = {
			isa = PBXNativeTarget;
			buildConfigurationList = 39007DD4270605840064D0AB /* Build configuration list for PBXNativeTarget "FreeAudioUITests" */;
			buildPhases = (
				39007DC0270605840064D0AB /* Sources */,
				39007DC1270605840064D0AB /* Frameworks */,
				39007DC2270605840064D0AB /* Resources */,
			);
			buildRules = (
			);
			dependencies = (
				39007DC6270605840064D0AB /* PBXTargetDependency */,
			);
			name = FreeAudioUITests;
			productName = FreeAudioUITests;
			productReference = 39007DC4270605840064D0AB /* FreeAudioUITests.xctest */;
			productType = "com.apple.product-type.bundle.ui-testing";
		};
/* End PBXNativeTarget section */

/* Begin PBXProject section */
		39007D9C270605830064D0AB /* Project object */ = {
			isa = PBXProject;
			attributes = {
				BuildIndependentTargetsInParallel = 1;
				LastSwiftUpdateCheck = 1300;
				LastUpgradeCheck = 1300;
				TargetAttributes = {
					39007DA3270605830064D0AB = {
						CreatedOnToolsVersion = 13.0;
					};
					39007DB9270605840064D0AB = {
						CreatedOnToolsVersion = 13.0;
						TestTargetID = 39007DA3270605830064D0AB;
					};
					39007DC3270605840064D0AB = {
						CreatedOnToolsVersion = 13.0;
						TestTargetID = 39007DA3270605830064D0AB;
					};
				};
			};
			buildConfigurationList = 39007D9F270605830064D0AB /* Build configuration list for PBXProject "FreeAudio" */;
			compatibilityVersion = "Xcode 13.0";
			developmentRegion = en;
			hasScannedForEncodings = 0;
			knownRegions = (
				en,
				Base,
			);
			mainGroup = 39007D9B270605830064D0AB;
			productRefGroup = 39007DA5270605830064D0AB /* Products */;
			projectDirPath = "";
			projectRoot = "";
			targets = (
				39007DA3270605830064D0AB /* FreeAudio */,
				39007DB9270605840064D0AB /* FreeAudioTests */,
				39007DC3270605840064D0AB /* FreeAudioUITests */,
			);
		};
/* End PBXProject section */

/* Begin PBXResourcesBuildPhase section */
		39007DA2270605830064D0AB /* Resources */ = {
			isa = PBXResourcesBuildPhase;
			buildActionMask = 2147483647;
			files = (
				396163062709AF6600845785 /* testStoryBoard.storyboard in Resources */,
				39007DB4270605840064D0AB /* LaunchScreen.storyboard in Resources */,
				39007DB1270605840064D0AB /* Assets.xcassets in Resources */,
			);
			runOnlyForDeploymentPostprocessing = 0;
		};
		39007DB8270605840064D0AB /* Resources */ = {
			isa = PBXResourcesBuildPhase;
			buildActionMask = 2147483647;
			files = (
			);
			runOnlyForDeploymentPostprocessing = 0;
		};
		39007DC2270605840064D0AB /* Resources */ = {
			isa = PBXResourcesBuildPhase;
			buildActionMask = 2147483647;
			files = (
			);
			runOnlyForDeploymentPostprocessing = 0;
		};
/* End PBXResourcesBuildPhase section */

/* Begin PBXSourcesBuildPhase section */
		39007DA0270605830064D0AB /* Sources */ = {
			isa = PBXSourcesBuildPhase;
			buildActionMask = 2147483647;
			files = (
				3989F8FE27072B50008EEEFB /* ReadMyIphoneDirectorysInfos.swift in Sources */,
				39007DAC270605830064D0AB /* ViewController.swift in Sources */,
				396163082709AF8200845785 /* testAudioMixViewController.swift in Sources */,
				3912314C2707042100680DD2 /* ReadWriteDeleteFiles.swift in Sources */,
				39007DA8270605830064D0AB /* AppDelegate.swift in Sources */,
				39007DAA270605830064D0AB /* SceneDelegate.swift in Sources */,
				39A41432270C581200AFD345 /* TrimMergeAudioFile.swift in Sources */,
			);
			runOnlyForDeploymentPostprocessing = 0;
		};
		39007DB6270605840064D0AB /* Sources */ = {
			isa = PBXSourcesBuildPhase;
			buildActionMask = 2147483647;
			files = (
				39007DBF270605840064D0AB /* FreeAudioTests.swift in Sources */,
			);
			runOnlyForDeploymentPostprocessing = 0;
		};
		39007DC0270605840064D0AB /* Sources */ = {
			isa = PBXSourcesBuildPhase;
			buildActionMask = 2147483647;
			files = (
				39007DC9270605840064D0AB /* FreeAudioUITests.swift in Sources */,
				39007DCB270605840064D0AB /* FreeAudioUITestsLaunchTests.swift in Sources */,
			);
			runOnlyForDeploymentPostprocessing = 0;
		};
/* End PBXSourcesBuildPhase section */

/* Begin PBXTargetDependency section */
		39007DBC270605840064D0AB /* PBXTargetDependency */ = {
			isa = PBXTargetDependency;
			target = 39007DA3270605830064D0AB /* FreeAudio */;
			targetProxy = 39007DBB270605840064D0AB /* PBXContainerItemProxy */;
		};
		39007DC6270605840064D0AB /* PBXTargetDependency */ = {
			isa = PBXTargetDependency;
			target = 39007DA3270605830064D0AB /* FreeAudio */;
			targetProxy = 39007DC5270605840064D0AB /* PBXContainerItemProxy */;
		};
/* End PBXTargetDependency section */

/* Begin PBXVariantGroup section */
		39007DB2270605840064D0AB /* LaunchScreen.storyboard */ = {
			isa = PBXVariantGroup;
			children = (
				39007DB3270605840064D0AB /* Base */,
			);
			name = LaunchScreen.storyboard;
			sourceTree = "<group>";
		};
/* End PBXVariantGroup section */

/* Begin XCBuildConfiguration section */
		39007DCC270605840064D0AB /* Debug */ = {
			isa = XCBuildConfiguration;
			buildSettings = {
				ALWAYS_SEARCH_USER_PATHS = NO;
				CLANG_ANALYZER_NONNULL = YES;
				CLANG_ANALYZER_NUMBER_OBJECT_CONVERSION = YES_AGGRESSIVE;
				CLANG_CXX_LANGUAGE_STANDARD = "gnu++17";
				CLANG_CXX_LIBRARY = "libc++";
				CLANG_ENABLE_MODULES = YES;
				CLANG_ENABLE_OBJC_ARC = YES;
				CLANG_ENABLE_OBJC_WEAK = YES;
				CLANG_WARN_BLOCK_CAPTURE_AUTORELEASING = YES;
				CLANG_WARN_BOOL_CONVERSION = YES;
				CLANG_WARN_COMMA = YES;
				CLANG_WARN_CONSTANT_CONVERSION = YES;
				CLANG_WARN_DEPRECATED_OBJC_IMPLEMENTATIONS = YES;
				CLANG_WARN_DIRECT_OBJC_ISA_USAGE = YES_ERROR;
				CLANG_WARN_DOCUMENTATION_COMMENTS = YES;
				CLANG_WARN_EMPTY_BODY = YES;
				CLANG_WARN_ENUM_CONVERSION = YES;
				CLANG_WARN_INFINITE_RECURSION = YES;
				CLANG_WARN_INT_CONVERSION = YES;
				CLANG_WARN_NON_LITERAL_NULL_CONVERSION = YES;
				CLANG_WARN_OBJC_IMPLICIT_RETAIN_SELF = YES;
				CLANG_WARN_OBJC_LITERAL_CONVERSION = YES;
				CLANG_WARN_OBJC_ROOT_CLASS = YES_ERROR;
				CLANG_WARN_QUOTED_INCLUDE_IN_FRAMEWORK_HEADER = YES;
				CLANG_WARN_RANGE_LOOP_ANALYSIS = YES;
				CLANG_WARN_STRICT_PROTOTYPES = YES;
				CLANG_WARN_SUSPICIOUS_MOVE = YES;
				CLANG_WARN_UNGUARDED_AVAILABILITY = YES_AGGRESSIVE;
				CLANG_WARN_UNREACHABLE_CODE = YES;
				CLANG_WARN__DUPLICATE_METHOD_MATCH = YES;
				COPY_PHASE_STRIP = NO;
				DEBUG_INFORMATION_FORMAT = dwarf;
				ENABLE_STRICT_OBJC_MSGSEND = YES;
				ENABLE_TESTABILITY = YES;
				GCC_C_LANGUAGE_STANDARD = gnu11;
				GCC_DYNAMIC_NO_PIC = NO;
				GCC_NO_COMMON_BLOCKS = YES;
				GCC_OPTIMIZATION_LEVEL = 0;
				GCC_PREPROCESSOR_DEFINITIONS = (
					"DEBUG=1",
					"$(inherited)",
				);
				GCC_WARN_64_TO_32_BIT_CONVERSION = YES;
				GCC_WARN_ABOUT_RETURN_TYPE = YES_ERROR;
				GCC_WARN_UNDECLARED_SELECTOR = YES;
				GCC_WARN_UNINITIALIZED_AUTOS = YES_AGGRESSIVE;
				GCC_WARN_UNUSED_FUNCTION = YES;
				GCC_WARN_UNUSED_VARIABLE = YES;
				IPHONEOS_DEPLOYMENT_TARGET = 13.0;
				MTL_ENABLE_DEBUG_INFO = INCLUDE_SOURCE;
				MTL_FAST_MATH = YES;
				ONLY_ACTIVE_ARCH = YES;
				SDKROOT = iphoneos;
				SWIFT_ACTIVE_COMPILATION_CONDITIONS = DEBUG;
				SWIFT_OPTIMIZATION_LEVEL = "-Onone";
			};
			name = Debug;
		};
		39007DCD270605840064D0AB /* Release */ = {
			isa = XCBuildConfiguration;
			buildSettings = {
				ALWAYS_SEARCH_USER_PATHS = NO;
				CLANG_ANALYZER_NONNULL = YES;
				CLANG_ANALYZER_NUMBER_OBJECT_CONVERSION = YES_AGGRESSIVE;
				CLANG_CXX_LANGUAGE_STANDARD = "gnu++17";
				CLANG_CXX_LIBRARY = "libc++";
				CLANG_ENABLE_MODULES = YES;
				CLANG_ENABLE_OBJC_ARC = YES;
				CLANG_ENABLE_OBJC_WEAK = YES;
				CLANG_WARN_BLOCK_CAPTURE_AUTORELEASING = YES;
				CLANG_WARN_BOOL_CONVERSION = YES;
				CLANG_WARN_COMMA = YES;
				CLANG_WARN_CONSTANT_CONVERSION = YES;
				CLANG_WARN_DEPRECATED_OBJC_IMPLEMENTATIONS = YES;
				CLANG_WARN_DIRECT_OBJC_ISA_USAGE = YES_ERROR;
				CLANG_WARN_DOCUMENTATION_COMMENTS = YES;
				CLANG_WARN_EMPTY_BODY = YES;
				CLANG_WARN_ENUM_CONVERSION = YES;
				CLANG_WARN_INFINITE_RECURSION = YES;
				CLANG_WARN_INT_CONVERSION = YES;
				CLANG_WARN_NON_LITERAL_NULL_CONVERSION = YES;
				CLANG_WARN_OBJC_IMPLICIT_RETAIN_SELF = YES;
				CLANG_WARN_OBJC_LITERAL_CONVERSION = YES;
				CLANG_WARN_OBJC_ROOT_CLASS = YES_ERROR;
				CLANG_WARN_QUOTED_INCLUDE_IN_FRAMEWORK_HEADER = YES;
				CLANG_WARN_RANGE_LOOP_ANALYSIS = YES;
				CLANG_WARN_STRICT_PROTOTYPES = YES;
				CLANG_WARN_SUSPICIOUS_MOVE = YES;
				CLANG_WARN_UNGUARDED_AVAILABILITY = YES_AGGRESSIVE;
				CLANG_WARN_UNREACHABLE_CODE = YES;
				CLANG_WARN__DUPLICATE_METHOD_MATCH = YES;
				COPY_PHASE_STRIP = NO;
				DEBUG_INFORMATION_FORMAT = "dwarf-with-dsym";
				ENABLE_NS_ASSERTIONS = NO;
				ENABLE_STRICT_OBJC_MSGSEND = YES;
				GCC_C_LANGUAGE_STANDARD = gnu11;
				GCC_NO_COMMON_BLOCKS = YES;
				GCC_WARN_64_TO_32_BIT_CONVERSION = YES;
				GCC_WARN_ABOUT_RETURN_TYPE = YES_ERROR;
				GCC_WARN_UNDECLARED_SELECTOR = YES;
				GCC_WARN_UNINITIALIZED_AUTOS = YES_AGGRESSIVE;
				GCC_WARN_UNUSED_FUNCTION = YES;
				GCC_WARN_UNUSED_VARIABLE = YES;
				IPHONEOS_DEPLOYMENT_TARGET = 13.0;
				MTL_ENABLE_DEBUG_INFO = NO;
				MTL_FAST_MATH = YES;
				SDKROOT = iphoneos;
				SWIFT_COMPILATION_MODE = wholemodule;
				SWIFT_OPTIMIZATION_LEVEL = "-O";
				VALIDATE_PRODUCT = YES;
			};
			name = Release;
		};
		39007DCF270605840064D0AB /* Debug */ = {
			isa = XCBuildConfiguration;
			buildSettings = {
				ASSETCATALOG_COMPILER_APPICON_NAME = AppIcon;
				ASSETCATALOG_COMPILER_GLOBAL_ACCENT_COLOR_NAME = AccentColor;
				CODE_SIGN_STYLE = Automatic;
				CURRENT_PROJECT_VERSION = 1;
				DEVELOPMENT_TEAM = 5HHBUD9SB9;
				GENERATE_INFOPLIST_FILE = YES;
				INFOPLIST_FILE = FreeAudio/Info.plist;
				INFOPLIST_KEY_UIApplicationSupportsIndirectInputEvents = YES;
				INFOPLIST_KEY_UILaunchStoryboardName = LaunchScreen;
				INFOPLIST_KEY_UISupportedInterfaceOrientations = UIInterfaceOrientationPortrait;
				INFOPLIST_KEY_UISupportedInterfaceOrientations_iPad = "UIInterfaceOrientationPortrait UIInterfaceOrientationPortraitUpsideDown UIInterfaceOrientationLandscapeLeft UIInterfaceOrientationLandscapeRight";
				INFOPLIST_KEY_UISupportedInterfaceOrientations_iPhone = "UIInterfaceOrientationPortrait UIInterfaceOrientationLandscapeLeft UIInterfaceOrientationLandscapeRight";
				IPHONEOS_DEPLOYMENT_TARGET = 15.0;
				LD_RUNPATH_SEARCH_PATHS = (
					"$(inherited)",
					"@executable_path/Frameworks",
				);
				MARKETING_VERSION = 1.0;
				PRODUCT_BUNDLE_IDENTIFIER = com.FreeAudio;
				PRODUCT_NAME = "$(TARGET_NAME)";
				SWIFT_EMIT_LOC_STRINGS = YES;
				SWIFT_VERSION = 5.0;
				TARGETED_DEVICE_FAMILY = 1;
			};
			name = Debug;
		};
		39007DD0270605840064D0AB /* Release */ = {
			isa = XCBuildConfiguration;
			buildSettings = {
				ASSETCATALOG_COMPILER_APPICON_NAME = AppIcon;
				ASSETCATALOG_COMPILER_GLOBAL_ACCENT_COLOR_NAME = AccentColor;
				CODE_SIGN_STYLE = Automatic;
				CURRENT_PROJECT_VERSION = 1;
				DEVELOPMENT_TEAM = 5HHBUD9SB9;
				GENERATE_INFOPLIST_FILE = YES;
				INFOPLIST_FILE = FreeAudio/Info.plist;
				INFOPLIST_KEY_UIApplicationSupportsIndirectInputEvents = YES;
				INFOPLIST_KEY_UILaunchStoryboardName = LaunchScreen;
				INFOPLIST_KEY_UISupportedInterfaceOrientations = UIInterfaceOrientationPortrait;
				INFOPLIST_KEY_UISupportedInterfaceOrientations_iPad = "UIInterfaceOrientationPortrait UIInterfaceOrientationPortraitUpsideDown UIInterfaceOrientationLandscapeLeft UIInterfaceOrientationLandscapeRight";
				INFOPLIST_KEY_UISupportedInterfaceOrientations_iPhone = "UIInterfaceOrientationPortrait UIInterfaceOrientationLandscapeLeft UIInterfaceOrientationLandscapeRight";
				IPHONEOS_DEPLOYMENT_TARGET = 15.0;
				LD_RUNPATH_SEARCH_PATHS = (
					"$(inherited)",
					"@executable_path/Frameworks",
				);
				MARKETING_VERSION = 1.0;
				PRODUCT_BUNDLE_IDENTIFIER = com.FreeAudio;
				PRODUCT_NAME = "$(TARGET_NAME)";
				SWIFT_EMIT_LOC_STRINGS = YES;
				SWIFT_VERSION = 5.0;
				TARGETED_DEVICE_FAMILY = 1;
			};
			name = Release;
		};
		39007DD2270605840064D0AB /* Debug */ = {
			isa = XCBuildConfiguration;
			buildSettings = {
				ALWAYS_EMBED_SWIFT_STANDARD_LIBRARIES = YES;
				BUNDLE_LOADER = "$(TEST_HOST)";
				CODE_SIGN_STYLE = Automatic;
				CURRENT_PROJECT_VERSION = 1;
				DEVELOPMENT_TEAM = 5HHBUD9SB9;
				GENERATE_INFOPLIST_FILE = YES;
				IPHONEOS_DEPLOYMENT_TARGET = 15.0;
				LD_RUNPATH_SEARCH_PATHS = (
					"$(inherited)",
					"@executable_path/Frameworks",
					"@loader_path/Frameworks",
				);
				MARKETING_VERSION = 1.0;
				PRODUCT_BUNDLE_IDENTIFIER = com.FreeAudioTests;
				PRODUCT_NAME = "$(TARGET_NAME)";
				SWIFT_EMIT_LOC_STRINGS = NO;
				SWIFT_VERSION = 5.0;
				TARGETED_DEVICE_FAMILY = "1,2";
				TEST_HOST = "$(BUILT_PRODUCTS_DIR)/FreeAudio.app/FreeAudio";
			};
			name = Debug;
		};
		39007DD3270605840064D0AB /* Release */ = {
			isa = XCBuildConfiguration;
			buildSettings = {
				ALWAYS_EMBED_SWIFT_STANDARD_LIBRARIES = YES;
				BUNDLE_LOADER = "$(TEST_HOST)";
				CODE_SIGN_STYLE = Automatic;
				CURRENT_PROJECT_VERSION = 1;
				DEVELOPMENT_TEAM = 5HHBUD9SB9;
				GENERATE_INFOPLIST_FILE = YES;
				IPHONEOS_DEPLOYMENT_TARGET = 15.0;
				LD_RUNPATH_SEARCH_PATHS = (
					"$(inherited)",
					"@executable_path/Frameworks",
					"@loader_path/Frameworks",
				);
				MARKETING_VERSION = 1.0;
				PRODUCT_BUNDLE_IDENTIFIER = com.FreeAudioTests;
				PRODUCT_NAME = "$(TARGET_NAME)";
				SWIFT_EMIT_LOC_STRINGS = NO;
				SWIFT_VERSION = 5.0;
				TARGETED_DEVICE_FAMILY = "1,2";
				TEST_HOST = "$(BUILT_PRODUCTS_DIR)/FreeAudio.app/FreeAudio";
			};
			name = Release;
		};
		39007DD5270605840064D0AB /* Debug */ = {
			isa = XCBuildConfiguration;
			buildSettings = {
				ALWAYS_EMBED_SWIFT_STANDARD_LIBRARIES = YES;
				CODE_SIGN_STYLE = Automatic;
				CURRENT_PROJECT_VERSION = 1;
				DEVELOPMENT_TEAM = 5HHBUD9SB9;
				GENERATE_INFOPLIST_FILE = YES;
				LD_RUNPATH_SEARCH_PATHS = (
					"$(inherited)",
					"@executable_path/Frameworks",
					"@loader_path/Frameworks",
				);
				MARKETING_VERSION = 1.0;
				PRODUCT_BUNDLE_IDENTIFIER = com.FreeAudioUITests;
				PRODUCT_NAME = "$(TARGET_NAME)";
				SWIFT_EMIT_LOC_STRINGS = NO;
				SWIFT_VERSION = 5.0;
				TARGETED_DEVICE_FAMILY = "1,2";
				TEST_TARGET_NAME = FreeAudio;
			};
			name = Debug;
		};
		39007DD6270605840064D0AB /* Release */ = {
			isa = XCBuildConfiguration;
			buildSettings = {
				ALWAYS_EMBED_SWIFT_STANDARD_LIBRARIES = YES;
				CODE_SIGN_STYLE = Automatic;
				CURRENT_PROJECT_VERSION = 1;
				DEVELOPMENT_TEAM = 5HHBUD9SB9;
				GENERATE_INFOPLIST_FILE = YES;
				LD_RUNPATH_SEARCH_PATHS = (
					"$(inherited)",
					"@executable_path/Frameworks",
					"@loader_path/Frameworks",
				);
				MARKETING_VERSION = 1.0;
				PRODUCT_BUNDLE_IDENTIFIER = com.FreeAudioUITests;
				PRODUCT_NAME = "$(TARGET_NAME)";
				SWIFT_EMIT_LOC_STRINGS = NO;
				SWIFT_VERSION = 5.0;
				TARGETED_DEVICE_FAMILY = "1,2";
				TEST_TARGET_NAME = FreeAudio;
			};
			name = Release;
		};
/* End XCBuildConfiguration section */

/* Begin XCConfigurationList section */
		39007D9F270605830064D0AB /* Build configuration list for PBXProject "FreeAudio" */ = {
			isa = XCConfigurationList;
			buildConfigurations = (
				39007DCC270605840064D0AB /* Debug */,
				39007DCD270605840064D0AB /* Release */,
			);
			defaultConfigurationIsVisible = 0;
			defaultConfigurationName = Release;
		};
		39007DCE270605840064D0AB /* Build configuration list for PBXNativeTarget "FreeAudio" */ = {
			isa = XCConfigurationList;
			buildConfigurations = (
				39007DCF270605840064D0AB /* Debug */,
				39007DD0270605840064D0AB /* Release */,
			);
			defaultConfigurationIsVisible = 0;
			defaultConfigurationName = Release;
		};
		39007DD1270605840064D0AB /* Build configuration list for PBXNativeTarget "FreeAudioTests" */ = {
			isa = XCConfigurationList;
			buildConfigurations = (
				39007DD2270605840064D0AB /* Debug */,
				39007DD3270605840064D0AB /* Release */,
			);
			defaultConfigurationIsVisible = 0;
			defaultConfigurationName = Release;
		};
		39007DD4270605840064D0AB /* Build configuration list for PBXNativeTarget "FreeAudioUITests" */ = {
			isa = XCConfigurationList;
			buildConfigurations = (
				39007DD5270605840064D0AB /* Debug */,
				39007DD6270605840064D0AB /* Release */,
			);
			defaultConfigurationIsVisible = 0;
			defaultConfigurationName = Release;
		};
/* End XCConfigurationList section */
	};
	rootObject = 39007D9C270605830064D0AB /* Project object */;
}
